
Microsoft Visual Studio Solution File, Format Version 12.00
# Visual Studio 15
VisualStudioVersion = 15.0.27004.2005
MinimumVisualStudioVersion = 10.0.40219.1
Project("{9A19103F-16F7-4668-BE54-9A1E7A4F7556}") = "P01", "P01\P01.csproj", "{A8A39BB8-FD8B-4702-BCC7-EC1B36667668}"
EndProject
Project("{9A19103F-16F7-4668-BE54-9A1E7A4F7556}") = "P03", "P03\P03.csproj", "{C124D462-579B-4D06-AB6E-6D47D19CF33A}"
EndProject
Project("{9A19103F-16F7-4668-BE54-9A1E7A4F7556}") = "P04", "P04\P04.csproj", "{C0F6292E-8D38-44E9-B238-6CB79327E2B9}"
EndProject
Project("{9A19103F-16F7-4668-BE54-9A1E7A4F7556}") = "P05", "P05\P05.csproj", "{57658562-D056-4BD5-87AD-F2AE49CBA720}"
EndProject
Project("{9A19103F-16F7-4668-BE54-9A1E7A4F7556}") = "MSA", "MSA\MSA.csproj", "{37C0C80B-3468-4356-A199-C11F92363FC4}"
EndProject
Project("{9A19103F-16F7-4668-BE54-9A1E7A4F7556}") = "P06", "P06\P06.csproj", "{D4876439-F8A0-49BE-A642-0FDA71FCFAFF}"
EndProject
Project("{9A19103F-16F7-4668-BE54-9A1E7A4F7556}") = "P07", "P07\P07.csproj", "{7F6F3CC3-4200-42C4-BE32-E8DC0B30F974}"
EndProject
Project("{9A19103F-16F7-4668-BE54-9A1E7A4F7556}") = "P07PT", "P07PT\P07PT.csproj", "{0A461E6A-C8DC-4246-B999-A8A73C2A4F76}"
EndProject
Project("{9A19103F-16F7-4668-BE54-9A1E7A4F7556}") = "P09", "P09\P09.csproj", "{04F72365-116E-43C9-A532-76D31A9617F1}"
EndProject
Project("{9A19103F-16F7-4668-BE54-9A1E7A4F7556}") = "P10", "P10\P10.csproj", "{25D1E19D-8C4C-40A9-9FB0-342F7F2AEE56}"
EndProject
Project("{9A19103F-16F7-4668-BE54-9A1E7A4F7556}") = "P11", "P11\P11.csproj", "{D5820AA9-9E9E-4F05-908C-F000FE96C738}"
EndProject
Project("{9A19103F-16F7-4668-BE54-9A1E7A4F7556}") = "P12", "P12\P12.csproj", "{79761BFA-B0C9-48BB-AF05-2E4BBA551147}"
EndProject
Project("{9A19103F-16F7-4668-BE54-9A1E7A4F7556}") = "P13", "P13\P13.csproj", "{D670F041-B3B1-4905-9DF4-1407D7DD06D5}"
EndProject
Project("{9A19103F-16F7-4668-BE54-9A1E7A4F7556}") = "ESE", "ESE\ESE.csproj", "{23971F38-71BE-46AC-B9EC-A7695D0AEE22}"
EndProject
Global
	GlobalSection(SolutionConfigurationPlatforms) = preSolution
		Debug|Any CPU = Debug|Any CPU
		Release|Any CPU = Release|Any CPU
	EndGlobalSection
	GlobalSection(ProjectConfigurationPlatforms) = postSolution
		{A8A39BB8-FD8B-4702-BCC7-EC1B36667668}.Debug|Any CPU.ActiveCfg = Debug|Any CPU
		{A8A39BB8-FD8B-4702-BCC7-EC1B36667668}.Release|Any CPU.ActiveCfg = Release|Any CPU
		{A8A39BB8-FD8B-4702-BCC7-EC1B36667668}.Release|Any CPU.Build.0 = Release|Any CPU
		{C124D462-579B-4D06-AB6E-6D47D19CF33A}.Debug|Any CPU.ActiveCfg = Debug|Any CPU
		{C124D462-579B-4D06-AB6E-6D47D19CF33A}.Release|Any CPU.ActiveCfg = Release|Any CPU
		{C124D462-579B-4D06-AB6E-6D47D19CF33A}.Release|Any CPU.Build.0 = Release|Any CPU
		{C0F6292E-8D38-44E9-B238-6CB79327E2B9}.Debug|Any CPU.ActiveCfg = Debug|Any CPU
		{C0F6292E-8D38-44E9-B238-6CB79327E2B9}.Release|Any CPU.ActiveCfg = Release|Any CPU
		{C0F6292E-8D38-44E9-B238-6CB79327E2B9}.Release|Any CPU.Build.0 = Release|Any CPU
		{57658562-D056-4BD5-87AD-F2AE49CBA720}.Debug|Any CPU.ActiveCfg = Debug|Any CPU
		{57658562-D056-4BD5-87AD-F2AE49CBA720}.Release|Any CPU.ActiveCfg = Release|Any CPU
		{57658562-D056-4BD5-87AD-F2AE49CBA720}.Release|Any CPU.Build.0 = Release|Any CPU
		{37C0C80B-3468-4356-A199-C11F92363FC4}.Debug|Any CPU.ActiveCfg = Debug|Any CPU
		{37C0C80B-3468-4356-A199-C11F92363FC4}.Release|Any CPU.ActiveCfg = Release|Any CPU
		{37C0C80B-3468-4356-A199-C11F92363FC4}.Release|Any CPU.Build.0 = Release|Any CPU
		{D4876439-F8A0-49BE-A642-0FDA71FCFAFF}.Debug|Any CPU.ActiveCfg = Debug|Any CPU
		{D4876439-F8A0-49BE-A642-0FDA71FCFAFF}.Debug|Any CPU.Build.0 = Debug|Any CPU
		{D4876439-F8A0-49BE-A642-0FDA71FCFAFF}.Release|Any CPU.ActiveCfg = Release|Any CPU
		{D4876439-F8A0-49BE-A642-0FDA71FCFAFF}.Release|Any CPU.Build.0 = Release|Any CPU
		{7F6F3CC3-4200-42C4-BE32-E8DC0B30F974}.Debug|Any CPU.ActiveCfg = Debug|Any CPU
		{7F6F3CC3-4200-42C4-BE32-E8DC0B30F974}.Release|Any CPU.ActiveCfg = Release|Any CPU
		{7F6F3CC3-4200-42C4-BE32-E8DC0B30F974}.Release|Any CPU.Build.0 = Release|Any CPU
		{0A461E6A-C8DC-4246-B999-A8A73C2A4F76}.Debug|Any CPU.ActiveCfg = Debug|Any CPU
		{0A461E6A-C8DC-4246-B999-A8A73C2A4F76}.Release|Any CPU.ActiveCfg = Release|Any CPU
		{0A461E6A-C8DC-4246-B999-A8A73C2A4F76}.Release|Any CPU.Build.0 = Release|Any CPU
		{04F72365-116E-43C9-A532-76D31A9617F1}.Debug|Any CPU.ActiveCfg = Debug|Any CPU
		{04F72365-116E-43C9-A532-76D31A9617F1}.Release|Any CPU.ActiveCfg = Release|Any CPU
		{04F72365-116E-43C9-A532-76D31A9617F1}.Release|Any CPU.Build.0 = Release|Any CPU
		{25D1E19D-8C4C-40A9-9FB0-342F7F2AEE56}.Debug|Any CPU.ActiveCfg = Debug|Any CPU
		{25D1E19D-8C4C-40A9-9FB0-342F7F2AEE56}.Release|Any CPU.ActiveCfg = Release|Any CPU
		{25D1E19D-8C4C-40A9-9FB0-342F7F2AEE56}.Release|Any CPU.Build.0 = Release|Any CPU
		{D5820AA9-9E9E-4F05-908C-F000FE96C738}.Debug|Any CPU.ActiveCfg = Debug|Any CPU
		{D5820AA9-9E9E-4F05-908C-F000FE96C738}.Release|Any CPU.ActiveCfg = Release|Any CPU
		{D5820AA9-9E9E-4F05-908C-F000FE96C738}.Release|Any CPU.Build.0 = Release|Any CPU
		{79761BFA-B0C9-48BB-AF05-2E4BBA551147}.Debug|Any CPU.ActiveCfg = Debug|Any CPU
		{79761BFA-B0C9-48BB-AF05-2E4BBA551147}.Release|Any CPU.ActiveCfg = Release|Any CPU
		{79761BFA-B0C9-48BB-AF05-2E4BBA551147}.Release|Any CPU.Build.0 = Release|Any CPU
		{D670F041-B3B1-4905-9DF4-1407D7DD06D5}.Debug|Any CPU.ActiveCfg = Debug|Any CPU
		{D670F041-B3B1-4905-9DF4-1407D7DD06D5}.Release|Any CPU.ActiveCfg = Release|Any CPU
		{D670F041-B3B1-4905-9DF4-1407D7DD06D5}.Release|Any CPU.Build.0 = Release|Any CPU
		{23971F38-71BE-46AC-B9EC-A7695D0AEE22}.Debug|Any CPU.ActiveCfg = Debug|Any CPU
		{23971F38-71BE-46AC-B9EC-A7695D0AEE22}.Release|Any CPU.ActiveCfg = Release|Any CPU
		{23971F38-71BE-46AC-B9EC-A7695D0AEE22}.Release|Any CPU.Build.0 = Release|Any CPU
	EndGlobalSection
	GlobalSection(SolutionProperties) = preSolution
		HideSolutionNode = FALSE
	EndGlobalSection
	GlobalSection(ExtensibilityGlobals) = postSolution
		SolutionGuid = {07DB0989-53F9-41FB-B780-023B330F8178}
	EndGlobalSection
EndGlobal
